
Microsoft Visual Studio Solution File, Format Version 12.00
# Visual Studio Version 17
VisualStudioVersion = 17.8.34316.72
MinimumVisualStudioVersion = 10.0.40219.1
Project("{FAE04EC0-301F-11D3-BF4B-00C04F79EFBC}") = "DefendGSDBasement", "DefendGSDBasement.csproj", "{AB54F08D-C8B6-4F06-85BC-DB8D00C21355}"
EndProject
Global
	GlobalSection(SolutionConfigurationPlatforms) = preSolution
		Debug|Any CPU = Debug|Any CPU
		Release|Any CPU = Release|Any CPU
	EndGlobalSection
	GlobalSection(ProjectConfigurationPlatforms) = postSolution
		{AB54F08D-C8B6-4F06-85BC-DB8D00C21355}.Debug|Any CPU.ActiveCfg = Debug|Any CPU
		{AB54F08D-C8B6-4F06-85BC-DB8D00C21355}.Debug|Any CPU.Build.0 = Debug|Any CPU
		{AB54F08D-C8B6-4F06-85BC-DB8D00C21355}.Release|Any CPU.ActiveCfg = Release|Any CPU
		{AB54F08D-C8B6-4F06-85BC-DB8D00C21355}.Release|Any CPU.Build.0 = Release|Any CPU
	EndGlobalSection
	GlobalSection(SolutionProperties) = preSolution
		HideSolutionNode = FALSE
	EndGlobalSection
	GlobalSection(ExtensibilityGlobals) = postSolution
		SolutionGuid = {AC31CD64-B733-4A49-A3FF-FC4F69FAF8EC}
	EndGlobalSection
EndGlobal
